
Microsoft Visual Studio Solution File, Format Version 12.00
# Visual Studio Version 16
VisualStudioVersion = 16.0.30523.141
MinimumVisualStudioVersion = 10.0.40219.1
Project("{8BC9CEB8-8B4A-11D0-8D11-00A0C91BC942}") = "Projekt", "Projekt.vcxproj", "{BCC95AE2-F5CB-4F4A-A4E7-D09ACBD7B8EE}"
EndProject
Global
	GlobalSection(SolutionConfigurationPlatforms) = preSolution
		Debug|x64 = Debug|x64
		Debug|x86 = Debug|x86
		Release|x64 = Release|x64
		Release|x86 = Release|x86
	EndGlobalSection
	GlobalSection(ProjectConfigurationPlatforms) = postSolution
		{BCC95AE2-F5CB-4F4A-A4E7-D09ACBD7B8EE}.Debug|x64.ActiveCfg = Debug|x64
		{BCC95AE2-F5CB-4F4A-A4E7-D09ACBD7B8EE}.Debug|x64.Build.0 = Debug|x64
		{BCC95AE2-F5CB-4F4A-A4E7-D09ACBD7B8EE}.Debug|x86.ActiveCfg = Debug|Win32
		{BCC95AE2-F5CB-4F4A-A4E7-D09ACBD7B8EE}.Debug|x86.Build.0 = Debug|Win32
		{BCC95AE2-F5CB-4F4A-A4E7-D09ACBD7B8EE}.Release|x64.ActiveCfg = Release|x64
		{BCC95AE2-F5CB-4F4A-A4E7-D09ACBD7B8EE}.Release|x64.Build.0 = Release|x64
		{BCC95AE2-F5CB-4F4A-A4E7-D09ACBD7B8EE}.Release|x86.ActiveCfg = Release|Win32
		{BCC95AE2-F5CB-4F4A-A4E7-D09ACBD7B8EE}.Release|x86.Build.0 = Release|Win32
	EndGlobalSection
	GlobalSection(SolutionProperties) = preSolution
		HideSolutionNode = FALSE
	EndGlobalSection
	GlobalSection(ExtensibilityGlobals) = postSolution
		SolutionGuid = {2CCCC322-201C-4AF5-973D-B0F4230C160B}
	EndGlobalSection
EndGlobal
